// !$*UTF8*$!
{
	archiveVersion = 1;
	classes = {
	};
	objectVersion = 77;
	objects = {

/* Begin PBXBuildFile section */
		9633A46B2E39160B00F64CC9 /* SVProgressHUD in Frameworks */ = {isa = PBXBuildFile; productRef = 9633A46A2E39160B00F64CC9 /* SVProgressHUD */; };
		96622EA32E2A99C1000E7E53 /* GTMSessionFetcher in Frameworks */ = {isa = PBXBuildFile; productRef = 96622EA22E2A99C1000E7E53 /* GTMSessionFetcher */; };
		96622EA52E2A99EC000E7E53 /* GTMSessionFetcherCore in Frameworks */ = {isa = PBXBuildFile; productRef = 96622EA42E2A99EC000E7E53 /* GTMSessionFetcherCore */; };
		96622EF92E2ADD78000E7E53 /* FirebaseAnalytics in Frameworks */ = {isa = PBXBuildFile; productRef = 96622EF82E2ADD78000E7E53 /* FirebaseAnalytics */; };
		96622EFB2E2ADD78000E7E53 /* FirebaseAuth in Frameworks */ = {isa = PBXBuildFile; productRef = 96622EFA2E2ADD78000E7E53 /* FirebaseAuth */; };
		96622EFD2E2ADD78000E7E53 /* FirebaseCore in Frameworks */ = {isa = PBXBuildFile; productRef = 96622EFC2E2ADD78000E7E53 /* FirebaseCore */; };
		96622EFF2E2ADD78000E7E53 /* FirebaseFirestore in Frameworks */ = {isa = PBXBuildFile; productRef = 96622EFE2E2ADD78000E7E53 /* FirebaseFirestore */; };
/* End PBXBuildFile section */

/* Begin PBXFileReference section */
		9633A4262E36944100F64CC9 /* CodeResources */ = {isa = PBXFileReference; lastKnownFileType = text.xml; name = CodeResources; path = "DerivedData/Chatty/SourcePackages/artifacts/grpc-binary/openssl_grpc/openssl_grpc.xcframework/_CodeSignature/CodeResources"; sourceTree = "<group>"; };
		96CC5B972E1C58FC00D09AEE /* Chatty.app */ = {isa = PBXFileReference; explicitFileType = wrapper.application; includeInIndex = 0; path = Chatty.app; sourceTree = BUILT_PRODUCTS_DIR; };
/* End PBXFileReference section */

/* Begin PBXFileSystemSynchronizedBuildFileExceptionSet section */
		96CC5BA92E1C58FE00D09AEE /* Exceptions for "Chatty" folder in "Chatty" target */ = {
			isa = PBXFileSystemSynchronizedBuildFileExceptionSet;
			membershipExceptions = (
				Info.plist,
			);
			target = 96CC5B962E1C58FC00D09AEE /* Chatty */;
		};
/* End PBXFileSystemSynchronizedBuildFileExceptionSet section */

/* Begin PBXFileSystemSynchronizedRootGroup section */
		96CC5B992E1C58FC00D09AEE /* Chatty */ = {
			isa = PBXFileSystemSynchronizedRootGroup;
			exceptions = (
				96CC5BA92E1C58FE00D09AEE /* Exceptions for "Chatty" folder in "Chatty" target */,
			);
			path = Chatty;
			sourceTree = "<group>";
		};
/* End PBXFileSystemSynchronizedRootGroup section */

/* Begin PBXFrameworksBuildPhase section */
		96CC5B942E1C58FC00D09AEE /* Frameworks */ = {
			isa = PBXFrameworksBuildPhase;
			buildActionMask = 2147483647;
			files = (
				96622EA52E2A99EC000E7E53 /* GTMSessionFetcherCore in Frameworks */,
				96622EFD2E2ADD78000E7E53 /* FirebaseCore in Frameworks */,
				96622EA32E2A99C1000E7E53 /* GTMSessionFetcher in Frameworks */,
				9633A46B2E39160B00F64CC9 /* SVProgressHUD in Frameworks */,
				96622EF92E2ADD78000E7E53 /* FirebaseAnalytics in Frameworks */,
				96622EFB2E2ADD78000E7E53 /* FirebaseAuth in Frameworks */,
				96622EFF2E2ADD78000E7E53 /* FirebaseFirestore in Frameworks */,
			);
			runOnlyForDeploymentPostprocessing = 0;
		};
/* End PBXFrameworksBuildPhase section */

/* Begin PBXGroup section */
		9633A4252E36944000F64CC9 /* Frameworks */ = {
			isa = PBXGroup;
			children = (
				9633A4262E36944100F64CC9 /* CodeResources */,
			);
			name = Frameworks;
			sourceTree = "<group>";
		};
		96CC5B8E2E1C58FC00D09AEE = {
			isa = PBXGroup;
			children = (
				96CC5B992E1C58FC00D09AEE /* Chatty */,
				9633A4252E36944000F64CC9 /* Frameworks */,
				96CC5B982E1C58FC00D09AEE /* Products */,
			);
			sourceTree = "<group>";
		};
		96CC5B982E1C58FC00D09AEE /* Products */ = {
			isa = PBXGroup;
			children = (
				96CC5B972E1C58FC00D09AEE /* Chatty.app */,
			);
			name = Products;
			sourceTree = "<group>";
		};
/* End PBXGroup section */

/* Begin PBXNativeTarget section */
		96CC5B962E1C58FC00D09AEE /* Chatty */ = {
			isa = PBXNativeTarget;
			buildConfigurationList = 96CC5BAA2E1C58FE00D09AEE /* Build configuration list for PBXNativeTarget "Chatty" */;
			buildPhases = (
				96CC5B932E1C58FC00D09AEE /* Sources */,
				96CC5B942E1C58FC00D09AEE /* Frameworks */,
				96CC5B952E1C58FC00D09AEE /* Resources */,
			);
			buildRules = (
			);
			dependencies = (
			);
			fileSystemSynchronizedGroups = (
				96CC5B992E1C58FC00D09AEE /* Chatty */,
			);
			name = Chatty;
			packageProductDependencies = (
				96622EA22E2A99C1000E7E53 /* GTMSessionFetcher */,
				96622EA42E2A99EC000E7E53 /* GTMSessionFetcherCore */,
				96622EF82E2ADD78000E7E53 /* FirebaseAnalytics */,
				96622EFA2E2ADD78000E7E53 /* FirebaseAuth */,
				96622EFC2E2ADD78000E7E53 /* FirebaseCore */,
				96622EFE2E2ADD78000E7E53 /* FirebaseFirestore */,
				9633A46A2E39160B00F64CC9 /* SVProgressHUD */,
			);
			productName = Chatty;
			productReference = 96CC5B972E1C58FC00D09AEE /* Chatty.app */;
			productType = "com.apple.product-type.application";
		};
/* End PBXNativeTarget section */

/* Begin PBXProject section */
		96CC5B8F2E1C58FC00D09AEE /* Project object */ = {
			isa = PBXProject;
			attributes = {
				BuildIndependentTargetsInParallel = 1;
				LastSwiftUpdateCheck = 1620;
				LastUpgradeCheck = 1620;
				TargetAttributes = {
					96CC5B962E1C58FC00D09AEE = {
						CreatedOnToolsVersion = 16.2;
					};
				};
			};
			buildConfigurationList = 96CC5B922E1C58FC00D09AEE /* Build configuration list for PBXProject "Chatty" */;
			developmentRegion = en;
			hasScannedForEncodings = 0;
			knownRegions = (
				en,
				Base,
			);
			mainGroup = 96CC5B8E2E1C58FC00D09AEE;
			minimizedProjectReferenceProxies = 1;
			packageReferences = (
				96622EA12E2A99C1000E7E53 /* XCRemoteSwiftPackageReference "gtm-session-fetcher" */,
				96622EF72E2ADD78000E7E53 /* XCRemoteSwiftPackageReference "firebase-ios-sdk" */,
				9633A4692E39160B00F64CC9 /* XCRemoteSwiftPackageReference "SVProgressHUD" */,
			);
			preferredProjectObjectVersion = 77;
			productRefGroup = 96CC5B982E1C58FC00D09AEE /* Products */;
			projectDirPath = "";
			projectRoot = "";
			targets = (
				96CC5B962E1C58FC00D09AEE /* Chatty */,
			);
		};
/* End PBXProject section */

/* Begin PBXResourcesBuildPhase section */
		96CC5B952E1C58FC00D09AEE /* Resources */ = {
			isa = PBXResourcesBuildPhase;
			buildActionMask = 2147483647;
			files = (
			);
			runOnlyForDeploymentPostprocessing = 0;
		};
/* End PBXResourcesBuildPhase section */

/* Begin PBXSourcesBuildPhase section */
		96CC5B932E1C58FC00D09AEE /* Sources */ = {
			isa = PBXSourcesBuildPhase;
			buildActionMask = 2147483647;
			files = (
			);
			runOnlyForDeploymentPostprocessing = 0;
		};
/* End PBXSourcesBuildPhase section */

/* Begin XCBuildConfiguration section */
		96CC5BAB2E1C58FE00D09AEE /* Debug */ = {
			isa = XCBuildConfiguration;
			buildSettings = {
				ASSETCATALOG_COMPILER_APPICON_NAME = AppIcon;
				ASSETCATALOG_COMPILER_GLOBAL_ACCENT_COLOR_NAME = AccentColor;
				CODE_SIGN_STYLE = Automatic;
				CURRENT_PROJECT_VERSION = 1;
				DEVELOPMENT_TEAM = 5NKH9AB2KM;
				GENERATE_INFOPLIST_FILE = YES;
				INFOPLIST_FILE = Chatty/Info.plist;
				INFOPLIST_KEY_UIApplicationSupportsIndirectInputEvents = YES;
				INFOPLIST_KEY_UILaunchStoryboardName = LaunchScreen;
				INFOPLIST_KEY_UISupportedInterfaceOrientations_iPad = "UIInterfaceOrientationPortrait UIInterfaceOrientationPortraitUpsideDown UIInterfaceOrientationLandscapeLeft UIInterfaceOrientationLandscapeRight";
				INFOPLIST_KEY_UISupportedInterfaceOrientations_iPhone = "UIInterfaceOrientationPortrait UIInterfaceOrientationLandscapeLeft UIInterfaceOrientationLandscapeRight";
				IPHONEOS_DEPLOYMENT_TARGET = 15.6;
				LD_RUNPATH_SEARCH_PATHS = (
					"$(inherited)",
					"@executable_path/Frameworks",
				);
				MARKETING_VERSION = 1.0;
				PRODUCT_BUNDLE_IDENTIFIER = com.emmanuelfor96.Chatty;
				PRODUCT_NAME = "$(TARGET_NAME)";
				SWIFT_EMIT_LOC_STRINGS = YES;
				SWIFT_VERSION = 5.0;
				TARGETED_DEVICE_FAMILY = 1;
			};
			name = Debug;
		};
		96CC5BAC2E1C58FE00D09AEE /* Release */ = {
			isa = XCBuildConfiguration;
			buildSettings = {
				ASSETCATALOG_COMPILER_APPICON_NAME = AppIcon;
				ASSETCATALOG_COMPILER_GLOBAL_ACCENT_COLOR_NAME = AccentColor;
				CODE_SIGN_STYLE = Automatic;
				CURRENT_PROJECT_VERSION = 1;
				DEVELOPMENT_TEAM = 5NKH9AB2KM;
				GENERATE_INFOPLIST_FILE = YES;
				INFOPLIST_FILE = Chatty/Info.plist;
				INFOPLIST_KEY_UIApplicationSupportsIndirectInputEvents = YES;
				INFOPLIST_KEY_UILaunchStoryboardName = LaunchScreen;
				INFOPLIST_KEY_UISupportedInterfaceOrientations_iPad = "UIInterfaceOrientationPortrait UIInterfaceOrientationPortraitUpsideDown UIInterfaceOrientationLandscapeLeft UIInterfaceOrientationLandscapeRight";
				INFOPLIST_KEY_UISupportedInterfaceOrientations_iPhone = "UIInterfaceOrientationPortrait UIInterfaceOrientationLandscapeLeft UIInterfaceOrientationLandscapeRight";
				IPHONEOS_DEPLOYMENT_TARGET = 15.6;
				LD_RUNPATH_SEARCH_PATHS = (
					"$(inherited)",
					"@executable_path/Frameworks",
				);
				MARKETING_VERSION = 1.0;
				PRODUCT_BUNDLE_IDENTIFIER = com.emmanuelfor96.Chatty;
				PRODUCT_NAME = "$(TARGET_NAME)";
				SWIFT_EMIT_LOC_STRINGS = YES;
				SWIFT_VERSION = 5.0;
				TARGETED_DEVICE_FAMILY = 1;
			};
			name = Release;
		};
		96CC5BAD2E1C58FE00D09AEE /* Debug */ = {
			isa = XCBuildConfiguration;
			buildSettings = {
				ALWAYS_SEARCH_USER_PATHS = NO;
				ASSETCATALOG_COMPILER_GENERATE_SWIFT_ASSET_SYMBOL_EXTENSIONS = YES;
				CLANG_ANALYZER_NONNULL = YES;
				CLANG_ANALYZER_NUMBER_OBJECT_CONVERSION = YES_AGGRESSIVE;
				CLANG_CXX_LANGUAGE_STANDARD = "gnu++20";
				CLANG_ENABLE_MODULES = YES;
				CLANG_ENABLE_OBJC_ARC = YES;
				CLANG_ENABLE_OBJC_WEAK = YES;
				CLANG_WARN_BLOCK_CAPTURE_AUTORELEASING = YES;
				CLANG_WARN_BOOL_CONVERSION = YES;
				CLANG_WARN_COMMA = YES;
				CLANG_WARN_CONSTANT_CONVERSION = YES;
				CLANG_WARN_DEPRECATED_OBJC_IMPLEMENTATIONS = YES;
				CLANG_WARN_DIRECT_OBJC_ISA_USAGE = YES_ERROR;
				CLANG_WARN_DOCUMENTATION_COMMENTS = YES;
				CLANG_WARN_EMPTY_BODY = YES;
				CLANG_WARN_ENUM_CONVERSION = YES;
				CLANG_WARN_INFINITE_RECURSION = YES;
				CLANG_WARN_INT_CONVERSION = YES;
				CLANG_WARN_NON_LITERAL_NULL_CONVERSION = YES;
				CLANG_WARN_OBJC_IMPLICIT_RETAIN_SELF = YES;
				CLANG_WARN_OBJC_LITERAL_CONVERSION = YES;
				CLANG_WARN_OBJC_ROOT_CLASS = YES_ERROR;
				CLANG_WARN_QUOTED_INCLUDE_IN_FRAMEWORK_HEADER = YES;
				CLANG_WARN_RANGE_LOOP_ANALYSIS = YES;
				CLANG_WARN_STRICT_PROTOTYPES = YES;
				CLANG_WARN_SUSPICIOUS_MOVE = YES;
				CLANG_WARN_UNGUARDED_AVAILABILITY = YES_AGGRESSIVE;
				CLANG_WARN_UNREACHABLE_CODE = YES;
				CLANG_WARN__DUPLICATE_METHOD_MATCH = YES;
				COPY_PHASE_STRIP = NO;
				DEBUG_INFORMATION_FORMAT = dwarf;
				ENABLE_STRICT_OBJC_MSGSEND = YES;
				ENABLE_TESTABILITY = YES;
				ENABLE_USER_SCRIPT_SANDBOXING = YES;
				GCC_C_LANGUAGE_STANDARD = gnu17;
				GCC_DYNAMIC_NO_PIC = NO;
				GCC_NO_COMMON_BLOCKS = YES;
				GCC_OPTIMIZATION_LEVEL = 0;
				GCC_PREPROCESSOR_DEFINITIONS = (
					"DEBUG=1",
					"$(inherited)",
				);
				GCC_WARN_64_TO_32_BIT_CONVERSION = YES;
				GCC_WARN_ABOUT_RETURN_TYPE = YES_ERROR;
				GCC_WARN_UNDECLARED_SELECTOR = YES;
				GCC_WARN_UNINITIALIZED_AUTOS = YES_AGGRESSIVE;
				GCC_WARN_UNUSED_FUNCTION = YES;
				GCC_WARN_UNUSED_VARIABLE = YES;
				IPHONEOS_DEPLOYMENT_TARGET = 15.6;
				LOCALIZATION_PREFERS_STRING_CATALOGS = YES;
				MTL_ENABLE_DEBUG_INFO = INCLUDE_SOURCE;
				MTL_FAST_MATH = YES;
				ONLY_ACTIVE_ARCH = YES;
				SDKROOT = iphoneos;
				SWIFT_ACTIVE_COMPILATION_CONDITIONS = "DEBUG $(inherited)";
				SWIFT_OPTIMIZATION_LEVEL = "-Onone";
			};
			name = Debug;
		};
		96CC5BAE2E1C58FE00D09AEE /* Release */ = {
			isa = XCBuildConfiguration;
			buildSettings = {
				ALWAYS_SEARCH_USER_PATHS = NO;
				ASSETCATALOG_COMPILER_GENERATE_SWIFT_ASSET_SYMBOL_EXTENSIONS = YES;
				CLANG_ANALYZER_NONNULL = YES;
				CLANG_ANALYZER_NUMBER_OBJECT_CONVERSION = YES_AGGRESSIVE;
				CLANG_CXX_LANGUAGE_STANDARD = "gnu++20";
				CLANG_ENABLE_MODULES = YES;
				CLANG_ENABLE_OBJC_ARC = YES;
				CLANG_ENABLE_OBJC_WEAK = YES;
				CLANG_WARN_BLOCK_CAPTURE_AUTORELEASING = YES;
				CLANG_WARN_BOOL_CONVERSION = YES;
				CLANG_WARN_COMMA = YES;
				CLANG_WARN_CONSTANT_CONVERSION = YES;
				CLANG_WARN_DEPRECATED_OBJC_IMPLEMENTATIONS = YES;
				CLANG_WARN_DIRECT_OBJC_ISA_USAGE = YES_ERROR;
				CLANG_WARN_DOCUMENTATION_COMMENTS = YES;
				CLANG_WARN_EMPTY_BODY = YES;
				CLANG_WARN_ENUM_CONVERSION = YES;
				CLANG_WARN_INFINITE_RECURSION = YES;
				CLANG_WARN_INT_CONVERSION = YES;
				CLANG_WARN_NON_LITERAL_NULL_CONVERSION = YES;
				CLANG_WARN_OBJC_IMPLICIT_RETAIN_SELF = YES;
				CLANG_WARN_OBJC_LITERAL_CONVERSION = YES;
				CLANG_WARN_OBJC_ROOT_CLASS = YES_ERROR;
				CLANG_WARN_QUOTED_INCLUDE_IN_FRAMEWORK_HEADER = YES;
				CLANG_WARN_RANGE_LOOP_ANALYSIS = YES;
				CLANG_WARN_STRICT_PROTOTYPES = YES;
				CLANG_WARN_SUSPICIOUS_MOVE = YES;
				CLANG_WARN_UNGUARDED_AVAILABILITY = YES_AGGRESSIVE;
				CLANG_WARN_UNREACHABLE_CODE = YES;
				CLANG_WARN__DUPLICATE_METHOD_MATCH = YES;
				COPY_PHASE_STRIP = NO;
				DEBUG_INFORMATION_FORMAT = "dwarf-with-dsym";
				ENABLE_NS_ASSERTIONS = NO;
				ENABLE_STRICT_OBJC_MSGSEND = YES;
				ENABLE_USER_SCRIPT_SANDBOXING = YES;
				GCC_C_LANGUAGE_STANDARD = gnu17;
				GCC_NO_COMMON_BLOCKS = YES;
				GCC_WARN_64_TO_32_BIT_CONVERSION = YES;
				GCC_WARN_ABOUT_RETURN_TYPE = YES_ERROR;
				GCC_WARN_UNDECLARED_SELECTOR = YES;
				GCC_WARN_UNINITIALIZED_AUTOS = YES_AGGRESSIVE;
				GCC_WARN_UNUSED_FUNCTION = YES;
				GCC_WARN_UNUSED_VARIABLE = YES;
				IPHONEOS_DEPLOYMENT_TARGET = 15.6;
				LOCALIZATION_PREFERS_STRING_CATALOGS = YES;
				MTL_ENABLE_DEBUG_INFO = NO;
				MTL_FAST_MATH = YES;
				SDKROOT = iphoneos;
				SWIFT_COMPILATION_MODE = wholemodule;
				VALIDATE_PRODUCT = YES;
			};
			name = Release;
		};
/* End XCBuildConfiguration section */

/* Begin XCConfigurationList section */
		96CC5B922E1C58FC00D09AEE /* Build configuration list for PBXProject "Chatty" */ = {
			isa = XCConfigurationList;
			buildConfigurations = (
				96CC5BAD2E1C58FE00D09AEE /* Debug */,
				96CC5BAE2E1C58FE00D09AEE /* Release */,
			);
			defaultConfigurationIsVisible = 0;
			defaultConfigurationName = Release;
		};
		96CC5BAA2E1C58FE00D09AEE /* Build configuration list for PBXNativeTarget "Chatty" */ = {
			isa = XCConfigurationList;
			buildConfigurations = (
				96CC5BAB2E1C58FE00D09AEE /* Debug */,
				96CC5BAC2E1C58FE00D09AEE /* Release */,
			);
			defaultConfigurationIsVisible = 0;
			defaultConfigurationName = Release;
		};
/* End XCConfigurationList section */

/* Begin XCRemoteSwiftPackageReference section */
		9633A4692E39160B00F64CC9 /* XCRemoteSwiftPackageReference "SVProgressHUD" */ = {
			isa = XCRemoteSwiftPackageReference;
			repositoryURL = "https://github.com/SVProgressHUD/SVProgressHUD";
			requirement = {
				kind = upToNextMajorVersion;
				minimumVersion = 2.3.1;
			};
		};
		96622EA12E2A99C1000E7E53 /* XCRemoteSwiftPackageReference "gtm-session-fetcher" */ = {
			isa = XCRemoteSwiftPackageReference;
			repositoryURL = "https://github.com/google/gtm-session-fetcher.git";
			requirement = {
				branch = main;
				kind = branch;
			};
		};
		96622EF72E2ADD78000E7E53 /* XCRemoteSwiftPackageReference "firebase-ios-sdk" */ = {
			isa = XCRemoteSwiftPackageReference;
			repositoryURL = "https://github.com/firebase/firebase-ios-sdk";
			requirement = {
				kind = upToNextMajorVersion;
				minimumVersion = 12.0.0;
			};
		};
/* End XCRemoteSwiftPackageReference section */

/* Begin XCSwiftPackageProductDependency section */
		9633A46A2E39160B00F64CC9 /* SVProgressHUD */ = {
			isa = XCSwiftPackageProductDependency;
			package = 9633A4692E39160B00F64CC9 /* XCRemoteSwiftPackageReference "SVProgressHUD" */;
			productName = SVProgressHUD;
		};
		96622EA22E2A99C1000E7E53 /* GTMSessionFetcher */ = {
			isa = XCSwiftPackageProductDependency;
			package = 96622EA12E2A99C1000E7E53 /* XCRemoteSwiftPackageReference "gtm-session-fetcher" */;
			productName = GTMSessionFetcher;
		};
		96622EA42E2A99EC000E7E53 /* GTMSessionFetcherCore */ = {
			isa = XCSwiftPackageProductDependency;
			package = 96622EA12E2A99C1000E7E53 /* XCRemoteSwiftPackageReference "gtm-session-fetcher" */;
			productName = GTMSessionFetcherCore;
		};
		96622EF82E2ADD78000E7E53 /* FirebaseAnalytics */ = {
			isa = XCSwiftPackageProductDependency;
			package = 96622EF72E2ADD78000E7E53 /* XCRemoteSwiftPackageReference "firebase-ios-sdk" */;
			productName = FirebaseAnalytics;
		};
		96622EFA2E2ADD78000E7E53 /* FirebaseAuth */ = {
			isa = XCSwiftPackageProductDependency;
			package = 96622EF72E2ADD78000E7E53 /* XCRemoteSwiftPackageReference "firebase-ios-sdk" */;
			productName = FirebaseAuth;
		};
		96622EFC2E2ADD78000E7E53 /* FirebaseCore */ = {
			isa = XCSwiftPackageProductDependency;
			package = 96622EF72E2ADD78000E7E53 /* XCRemoteSwiftPackageReference "firebase-ios-sdk" */;
			productName = FirebaseCore;
		};
		96622EFE2E2ADD78000E7E53 /* FirebaseFirestore */ = {
			isa = XCSwiftPackageProductDependency;
			package = 96622EF72E2ADD78000E7E53 /* XCRemoteSwiftPackageReference "firebase-ios-sdk" */;
			productName = FirebaseFirestore;
		};
/* End XCSwiftPackageProductDependency section */
	};
	rootObject = 96CC5B8F2E1C58FC00D09AEE /* Project object */;
}
